
Microsoft Visual Studio Solution File, Format Version 12.00
# Visual Studio Version 16
VisualStudioVersion = 16.0.31025.218
MinimumVisualStudioVersion = 10.0.40219.1
Project("{2150E333-8FDC-42A3-9474-1A3956D46DE8}") = "src", "src", "{6B1FF4C8-57EF-407E-A81B-69D48C7227F0}"
EndProject
Project("{2150E333-8FDC-42A3-9474-1A3956D46DE8}") = "tests", "tests", "{D32805C7-CB86-45AD-9ECB-94887F2C7FF5}"
EndProject
Project("{9A19103F-16F7-4668-BE54-9A1E7A4F7556}") = "Api", "src\Api\Api.csproj", "{186FD0D7-49F6-4262-A054-2380A9EAE1A7}"
EndProject
Project("{9A19103F-16F7-4668-BE54-9A1E7A4F7556}") = "Domain", "src\Domain\Domain.csproj", "{9BC87037-05D7-408F-B73B-FFEA944A25A0}"
EndProject
Project("{9A19103F-16F7-4668-BE54-9A1E7A4F7556}") = "Infrastructure", "src\Infrastructure\Infrastructure.csproj", "{83462E98-8D2D-4371-831F-684F194C0C4A}"
EndProject
Project("{9A19103F-16F7-4668-BE54-9A1E7A4F7556}") = "Application", "src\Application\Application.csproj", "{13820144-329A-48DA-AC60-32F5CB672154}"
EndProject
Project("{9A19103F-16F7-4668-BE54-9A1E7A4F7556}") = "Application.UnitTests", "tests\Application.UnitTests\Application.UnitTests.csproj", "{35765BDF-F1D9-4C6F-B9EC-9BC9CE053734}"
EndProject
Global
	GlobalSection(SolutionConfigurationPlatforms) = preSolution
		Debug|Any CPU = Debug|Any CPU
		Release|Any CPU = Release|Any CPU
	EndGlobalSection
	GlobalSection(ProjectConfigurationPlatforms) = postSolution
		{186FD0D7-49F6-4262-A054-2380A9EAE1A7}.Debug|Any CPU.ActiveCfg = Debug|Any CPU
		{186FD0D7-49F6-4262-A054-2380A9EAE1A7}.Debug|Any CPU.Build.0 = Debug|Any CPU
		{186FD0D7-49F6-4262-A054-2380A9EAE1A7}.Release|Any CPU.ActiveCfg = Release|Any CPU
		{186FD0D7-49F6-4262-A054-2380A9EAE1A7}.Release|Any CPU.Build.0 = Release|Any CPU
		{9BC87037-05D7-408F-B73B-FFEA944A25A0}.Debug|Any CPU.ActiveCfg = Debug|Any CPU
		{9BC87037-05D7-408F-B73B-FFEA944A25A0}.Debug|Any CPU.Build.0 = Debug|Any CPU
		{9BC87037-05D7-408F-B73B-FFEA944A25A0}.Release|Any CPU.ActiveCfg = Release|Any CPU
		{9BC87037-05D7-408F-B73B-FFEA944A25A0}.Release|Any CPU.Build.0 = Release|Any CPU
		{83462E98-8D2D-4371-831F-684F194C0C4A}.Debug|Any CPU.ActiveCfg = Debug|Any CPU
		{83462E98-8D2D-4371-831F-684F194C0C4A}.Debug|Any CPU.Build.0 = Debug|Any CPU
		{83462E98-8D2D-4371-831F-684F194C0C4A}.Release|Any CPU.ActiveCfg = Release|Any CPU
		{83462E98-8D2D-4371-831F-684F194C0C4A}.Release|Any CPU.Build.0 = Release|Any CPU
		{13820144-329A-48DA-AC60-32F5CB672154}.Debug|Any CPU.ActiveCfg = Debug|Any CPU
		{13820144-329A-48DA-AC60-32F5CB672154}.Debug|Any CPU.Build.0 = Debug|Any CPU
		{13820144-329A-48DA-AC60-32F5CB672154}.Release|Any CPU.ActiveCfg = Release|Any CPU
		{13820144-329A-48DA-AC60-32F5CB672154}.Release|Any CPU.Build.0 = Release|Any CPU
		{35765BDF-F1D9-4C6F-B9EC-9BC9CE053734}.Debug|Any CPU.ActiveCfg = Debug|Any CPU
		{35765BDF-F1D9-4C6F-B9EC-9BC9CE053734}.Debug|Any CPU.Build.0 = Debug|Any CPU
		{35765BDF-F1D9-4C6F-B9EC-9BC9CE053734}.Release|Any CPU.ActiveCfg = Release|Any CPU
		{35765BDF-F1D9-4C6F-B9EC-9BC9CE053734}.Release|Any CPU.Build.0 = Release|Any CPU
	EndGlobalSection
	GlobalSection(SolutionProperties) = preSolution
		HideSolutionNode = FALSE
	EndGlobalSection
	GlobalSection(NestedProjects) = preSolution
		{186FD0D7-49F6-4262-A054-2380A9EAE1A7} = {6B1FF4C8-57EF-407E-A81B-69D48C7227F0}
		{9BC87037-05D7-408F-B73B-FFEA944A25A0} = {6B1FF4C8-57EF-407E-A81B-69D48C7227F0}
		{83462E98-8D2D-4371-831F-684F194C0C4A} = {6B1FF4C8-57EF-407E-A81B-69D48C7227F0}
		{13820144-329A-48DA-AC60-32F5CB672154} = {6B1FF4C8-57EF-407E-A81B-69D48C7227F0}
		{35765BDF-F1D9-4C6F-B9EC-9BC9CE053734} = {D32805C7-CB86-45AD-9ECB-94887F2C7FF5}
	EndGlobalSection
	GlobalSection(ExtensibilityGlobals) = postSolution
		SolutionGuid = {1AC46D07-6E03-467F-A315-84A73048D0BE}
	EndGlobalSection
EndGlobal
